lockfileVersion: '9.0'

settings:
  autoInstallPeers: true
  excludeLinksFromLockfile: false

importers:

  .:
    optionalDependencies:
      '@abdullahharunozturk/localtld':
        specifier: ^0.1.0
        version: 0.1.0

packages:

  '@abdullahharunozturk/localtld@0.1.0':
    resolution: {integrity: sha512-HAND7mftleaf5hRKOf/Q5UinucbKhBrfvcWCaGl74MFez2gzkY7T8fI5ETEmHxWwIe33V9thWiu4R1PVi6FlKQ==}
    os: [darwin]
    hasBin: true

snapshots:

  '@abdullahharunozturk/localtld@0.1.0':
    optional: true
